// !$*UTF8*$!
{
	archiveVersion = 1;
	classes = {
	};
	objectVersion = 51;
	objects = {

/* Begin PBXBuildFile section */
		3B058A9A2683EE0B0047FF61 /* CellRegisterable.swift in Sources */ = {isa = PBXBuildFile; fileRef = 3B058A992683EE0B0047FF61 /* CellRegisterable.swift */; };
		3B058A9D2683EE580047FF61 /* ProgressCollectionViewCell.swift in Sources */ = {isa = PBXBuildFile; fileRef = 3B058A9B2683EE580047FF61 /* ProgressCollectionViewCell.swift */; };
		3B058A9E2683EE580047FF61 /* ProgressCollectionViewCell.xib in Resources */ = {isa = PBXBuildFile; fileRef = 3B058A9C2683EE580047FF61 /* ProgressCollectionViewCell.xib */; };
		3B058AA12683EF470047FF61 /* HeaderCollectionReusableView.swift in Sources */ = {isa = PBXBuildFile; fileRef = 3B058A9F2683EF470047FF61 /* HeaderCollectionReusableView.swift */; };
		3B058AA22683EF470047FF61 /* HeaderCollectionReusableView.xib in Resources */ = {isa = PBXBuildFile; fileRef = 3B058AA02683EF470047FF61 /* HeaderCollectionReusableView.xib */; };
		3B058AA42683EFA40047FF61 /* ProgressDataSource.swift in Sources */ = {isa = PBXBuildFile; fileRef = 3B058AA32683EFA40047FF61 /* ProgressDataSource.swift */; };
		3B058AA72683FA060047FF61 /* ExerciseCollectionViewCell.swift in Sources */ = {isa = PBXBuildFile; fileRef = 3B058AA52683FA060047FF61 /* ExerciseCollectionViewCell.swift */; };
		3B058AA82683FA060047FF61 /* ExerciseCollectionViewCell.xib in Resources */ = {isa = PBXBuildFile; fileRef = 3B058AA62683FA060047FF61 /* ExerciseCollectionViewCell.xib */; };
		3B058AAA2684F9580047FF61 /* UIImage Extension.swift in Sources */ = {isa = PBXBuildFile; fileRef = 3B058AA92684F9580047FF61 /* UIImage Extension.swift */; };
		3B2F19322693763100543313 /* LaunchScreenViewController.swift in Sources */ = {isa = PBXBuildFile; fileRef = 3B2F19312693763100543313 /* LaunchScreenViewController.swift */; };
		3B5CBCCA268173B2005036EC /* TabBarController.swift in Sources */ = {isa = PBXBuildFile; fileRef = 3B5CBCC9268173B2005036EC /* TabBarController.swift */; };
		3B5CBCCC268173F3005036EC /* InitialProfileViewController.swift in Sources */ = {isa = PBXBuildFile; fileRef = 3B5CBCCB268173F3005036EC /* InitialProfileViewController.swift */; };
		3B5CBCCE26817424005036EC /* FriendsListTableViewController.swift in Sources */ = {isa = PBXBuildFile; fileRef = 3B5CBCCD26817424005036EC /* FriendsListTableViewController.swift */; };
		3B5CBCD0268174AF005036EC /* ProgressViewController.swift in Sources */ = {isa = PBXBuildFile; fileRef = 3B5CBCCF268174AF005036EC /* ProgressViewController.swift */; };
		3B5CBCD2268174D9005036EC /* AddGoalViewController.swift in Sources */ = {isa = PBXBuildFile; fileRef = 3B5CBCD1268174D9005036EC /* AddGoalViewController.swift */; };
		3B5CBCD426817508005036EC /* EventsListTableViewController.swift in Sources */ = {isa = PBXBuildFile; fileRef = 3B5CBCD326817508005036EC /* EventsListTableViewController.swift */; };
		3B5CBCD8268186E2005036EC /* UIView Extension.swift in Sources */ = {isa = PBXBuildFile; fileRef = 3B5CBCD7268186E1005036EC /* UIView Extension.swift */; };
		3B5CBCDA26819ED7005036EC /* MessagesTableViewCell.swift in Sources */ = {isa = PBXBuildFile; fileRef = 3B5CBCD926819ED7005036EC /* MessagesTableViewCell.swift */; };
		3B5CBCDC26819F51005036EC /* StringConstants.swift in Sources */ = {isa = PBXBuildFile; fileRef = 3B5CBCDB26819F51005036EC /* StringConstants.swift */; };
		3B5CBCDE2681A530005036EC /* MessagesViewController.swift in Sources */ = {isa = PBXBuildFile; fileRef = 3B5CBCDD2681A530005036EC /* MessagesViewController.swift */; };
		3B5CBCE02681A86B005036EC /* UILabel Extension.swift in Sources */ = {isa = PBXBuildFile; fileRef = 3B5CBCDF2681A86B005036EC /* UILabel Extension.swift */; };
		3B5CBCE22681AD6D005036EC /* UIButton Extension.swift in Sources */ = {isa = PBXBuildFile; fileRef = 3B5CBCE12681AD6D005036EC /* UIButton Extension.swift */; };
		3B5CBCE5268319A7005036EC /* EventsTableViewCell.swift in Sources */ = {isa = PBXBuildFile; fileRef = 3B5CBCE4268319A6005036EC /* EventsTableViewCell.swift */; };
		3B5CBCED26835DE7005036EC /* EventCreateViewController.swift in Sources */ = {isa = PBXBuildFile; fileRef = 3B5CBCEC26835DE7005036EC /* EventCreateViewController.swift */; };
		3B5CBCEF26835DF2005036EC /* EventDetailViewController.swift in Sources */ = {isa = PBXBuildFile; fileRef = 3B5CBCEE26835DF2005036EC /* EventDetailViewController.swift */; };
		3B5CBCF126835FF4005036EC /* UITextField Extension.swift in Sources */ = {isa = PBXBuildFile; fileRef = 3B5CBCF026835FF4005036EC /* UITextField Extension.swift */; };
		3B5CBCF3268369C1005036EC /* InviteeTableViewCell.swift in Sources */ = {isa = PBXBuildFile; fileRef = 3B5CBCF2268369C1005036EC /* InviteeTableViewCell.swift */; };
		3B5EFD222680EFED00F83E50 /* Colors.xcassets in Resources */ = {isa = PBXBuildFile; fileRef = 3B5EFD212680EFED00F83E50 /* Colors.xcassets */; };
		3B5EFD252680F95F00F83E50 /* SF-Pro-Rounded-Regular.otf in Resources */ = {isa = PBXBuildFile; fileRef = 3B5EFD242680F95F00F83E50 /* SF-Pro-Rounded-Regular.otf */; };
		3B5EFD272680F97800F83E50 /* SF-Pro-Rounded-Semibold.otf in Resources */ = {isa = PBXBuildFile; fileRef = 3B5EFD262680F97800F83E50 /* SF-Pro-Rounded-Semibold.otf */; };
		3B5EFD292680F98200F83E50 /* SF-Pro-Rounded-Ultralight.otf in Resources */ = {isa = PBXBuildFile; fileRef = 3B5EFD282680F98200F83E50 /* SF-Pro-Rounded-Ultralight.otf */; };
		3B5EFD2D2680FA5600F83E50 /* StyleGuide.swift in Sources */ = {isa = PBXBuildFile; fileRef = 3B5EFD2C2680FA5600F83E50 /* StyleGuide.swift */; };
		3B5EFD2F26811B5800F83E50 /* HomeViewController.swift in Sources */ = {isa = PBXBuildFile; fileRef = 3B5EFD2E26811B5800F83E50 /* HomeViewController.swift */; };
		3B5EFD3126811D5F00F83E50 /* Home.storyboard in Resources */ = {isa = PBXBuildFile; fileRef = 3B5EFD3026811D5F00F83E50 /* Home.storyboard */; };
		3B5EFD3326811D7C00F83E50 /* Progress.storyboard in Resources */ = {isa = PBXBuildFile; fileRef = 3B5EFD3226811D7C00F83E50 /* Progress.storyboard */; };
		3B5EFD3526811D8600F83E50 /* AddGoal.storyboard in Resources */ = {isa = PBXBuildFile; fileRef = 3B5EFD3426811D8600F83E50 /* AddGoal.storyboard */; };
		3B5EFD3726811D9400F83E50 /* Events.storyboard in Resources */ = {isa = PBXBuildFile; fileRef = 3B5EFD3626811D9400F83E50 /* Events.storyboard */; };
		3B5EFD3926811D9E00F83E50 /* Messages.storyboard in Resources */ = {isa = PBXBuildFile; fileRef = 3B5EFD3826811D9E00F83E50 /* Messages.storyboard */; };
		3B5EFD3B26811E4E00F83E50 /* InitialProfile.storyboard in Resources */ = {isa = PBXBuildFile; fileRef = 3B5EFD3A26811E4E00F83E50 /* InitialProfile.storyboard */; };
		3B5EFD3D26811E7000F83E50 /* Friends.storyboard in Resources */ = {isa = PBXBuildFile; fileRef = 3B5EFD3C26811E7000F83E50 /* Friends.storyboard */; };
		3B727F6A268A357600395029 /* WeightHistoryCollectionViewCell.swift in Sources */ = {isa = PBXBuildFile; fileRef = 3B727F68268A357600395029 /* WeightHistoryCollectionViewCell.swift */; };
		3B727F6B268A357600395029 /* WeightHistoryCollectionViewCell.xib in Resources */ = {isa = PBXBuildFile; fileRef = 3B727F69268A357600395029 /* WeightHistoryCollectionViewCell.xib */; };
		3B727F6D268AF93E00395029 /* ProgressDetailViewController.swift in Sources */ = {isa = PBXBuildFile; fileRef = 3B727F6C268AF93E00395029 /* ProgressDetailViewController.swift */; };
		3B727F6F268B189500395029 /* HomeDataSource.swift in Sources */ = {isa = PBXBuildFile; fileRef = 3B727F6E268B189500395029 /* HomeDataSource.swift */; };
		3B727F75268B1B3300395029 /* FriendCollectionViewCell.swift in Sources */ = {isa = PBXBuildFile; fileRef = 3B727F73268B1B3300395029 /* FriendCollectionViewCell.swift */; };
		3B727F76268B1B3300395029 /* FriendCollectionViewCell.xib in Resources */ = {isa = PBXBuildFile; fileRef = 3B727F74268B1B3300395029 /* FriendCollectionViewCell.xib */; };
		3B727F79268B1B4500395029 /* PersonalBestCollectionViewCell.swift in Sources */ = {isa = PBXBuildFile; fileRef = 3B727F77268B1B4500395029 /* PersonalBestCollectionViewCell.swift */; };
		3B727F7A268B1B4500395029 /* PersonalBestCollectionViewCell.xib in Resources */ = {isa = PBXBuildFile; fileRef = 3B727F78268B1B4500395029 /* PersonalBestCollectionViewCell.xib */; };
		3B727F7C268B3FC400395029 /* ProfileViewController.swift in Sources */ = {isa = PBXBuildFile; fileRef = 3B727F7B268B3FC400395029 /* ProfileViewController.swift */; };
		3B727F7E268B4CB300395029 /* ConversationViewController.swift in Sources */ = {isa = PBXBuildFile; fileRef = 3B727F7D268B4CB300395029 /* ConversationViewController.swift */; };
		3B727F80268B4ED500395029 /* FriendTableViewCell.swift in Sources */ = {isa = PBXBuildFile; fileRef = 3B727F7F268B4ED500395029 /* FriendTableViewCell.swift */; };
		6556E5A7CA48B6C32BE04AB4 /* Pods_GymBuddy.framework in Frameworks */ = {isa = PBXBuildFile; fileRef = 4E3A4F0A7BEC32E25A55B1B9 /* Pods_GymBuddy.framework */; };
		714A742B26791C3A005F46F2 /* AppDelegate.swift in Sources */ = {isa = PBXBuildFile; fileRef = 714A742A26791C3A005F46F2 /* AppDelegate.swift */; };
		714A742D26791C3A005F46F2 /* SceneDelegate.swift in Sources */ = {isa = PBXBuildFile; fileRef = 714A742C26791C3A005F46F2 /* SceneDelegate.swift */; };
		714A743226791C3A005F46F2 /* Main.storyboard in Resources */ = {isa = PBXBuildFile; fileRef = 714A743026791C3A005F46F2 /* Main.storyboard */; };
		714A743426791C3D005F46F2 /* Assets.xcassets in Resources */ = {isa = PBXBuildFile; fileRef = 714A743326791C3D005F46F2 /* Assets.xcassets */; };
		714A743726791C3D005F46F2 /* LaunchScreen.storyboard in Resources */ = {isa = PBXBuildFile; fileRef = 714A743526791C3D005F46F2 /* LaunchScreen.storyboard */; };
		714A744126791C4E005F46F2 /* CloudKit.framework in Frameworks */ = {isa = PBXBuildFile; fileRef = 714A744026791C4E005F46F2 /* CloudKit.framework */; };
		71E8A4AB268B790D00478729 /* User.swift in Sources */ = {isa = PBXBuildFile; fileRef = 71E8A4AA268B790D00478729 /* User.swift */; };
		71E8A4AD268B7BFC00478729 /* FriendRequest.swift in Sources */ = {isa = PBXBuildFile; fileRef = 71E8A4AC268B7BFC00478729 /* FriendRequest.swift */; };
		71E8A4AF268B7C0E00478729 /* Event.swift in Sources */ = {isa = PBXBuildFile; fileRef = 71E8A4AE268B7C0E00478729 /* Event.swift */; };
		71E8A4B3268B7C8200478729 /* Workout.swift in Sources */ = {isa = PBXBuildFile; fileRef = 71E8A4B2268B7C8200478729 /* Workout.swift */; };
		71E8A4B5268BAEA400478729 /* UserController.swift in Sources */ = {isa = PBXBuildFile; fileRef = 71E8A4B4268BAEA400478729 /* UserController.swift */; };
		71E8A4B7268BAEAE00478729 /* FriendRequestController.swift in Sources */ = {isa = PBXBuildFile; fileRef = 71E8A4B6268BAEAE00478729 /* FriendRequestController.swift */; };
		71E8A4B9268BAEC000478729 /* EventController.swift in Sources */ = {isa = PBXBuildFile; fileRef = 71E8A4B8268BAEC000478729 /* EventController.swift */; };
		71E8A4BB268BAECA00478729 /* WorkoutController.swift in Sources */ = {isa = PBXBuildFile; fileRef = 71E8A4BA268BAECA00478729 /* WorkoutController.swift */; };
		71E8A4BD268BB23500478729 /* UIDate Extension.swift in Sources */ = {isa = PBXBuildFile; fileRef = 71E8A4BC268BB23500478729 /* UIDate Extension.swift */; };
		71E8A4BF268BB4BB00478729 /* UserError.swift in Sources */ = {isa = PBXBuildFile; fileRef = 71E8A4BE268BB4BB00478729 /* UserError.swift */; };
		71E8A4C1268BBEAA00478729 /* EventError.swift in Sources */ = {isa = PBXBuildFile; fileRef = 71E8A4C0268BBEAA00478729 /* EventError.swift */; };
		71E8A4C3268CCDE100478729 /* FriendError.swift in Sources */ = {isa = PBXBuildFile; fileRef = 71E8A4C2268CCDE100478729 /* FriendError.swift */; };
		71E8A4C5268D1C1700478729 /* WorkoutError.swift in Sources */ = {isa = PBXBuildFile; fileRef = 71E8A4C4268D1C1700478729 /* WorkoutError.swift */; };
/* End PBXBuildFile section */

/* Begin PBXFileReference section */
		3B058A992683EE0B0047FF61 /* CellRegisterable.swift */ = {isa = PBXFileReference; lastKnownFileType = sourcecode.swift; path = CellRegisterable.swift; sourceTree = "<group>"; };
		3B058A9B2683EE580047FF61 /* ProgressCollectionViewCell.swift */ = {isa = PBXFileReference; lastKnownFileType = sourcecode.swift; path = ProgressCollectionViewCell.swift; sourceTree = "<group>"; };
		3B058A9C2683EE580047FF61 /* ProgressCollectionViewCell.xib */ = {isa = PBXFileReference; lastKnownFileType = file.xib; path = ProgressCollectionViewCell.xib; sourceTree = "<group>"; };
		3B058A9F2683EF470047FF61 /* HeaderCollectionReusableView.swift */ = {isa = PBXFileReference; lastKnownFileType = sourcecode.swift; path = HeaderCollectionReusableView.swift; sourceTree = "<group>"; };
		3B058AA02683EF470047FF61 /* HeaderCollectionReusableView.xib */ = {isa = PBXFileReference; lastKnownFileType = file.xib; path = HeaderCollectionReusableView.xib; sourceTree = "<group>"; };
		3B058AA32683EFA40047FF61 /* ProgressDataSource.swift */ = {isa = PBXFileReference; lastKnownFileType = sourcecode.swift; path = ProgressDataSource.swift; sourceTree = "<group>"; };
		3B058AA52683FA060047FF61 /* ExerciseCollectionViewCell.swift */ = {isa = PBXFileReference; lastKnownFileType = sourcecode.swift; path = ExerciseCollectionViewCell.swift; sourceTree = "<group>"; };
		3B058AA62683FA060047FF61 /* ExerciseCollectionViewCell.xib */ = {isa = PBXFileReference; lastKnownFileType = file.xib; path = ExerciseCollectionViewCell.xib; sourceTree = "<group>"; };
		3B058AA92684F9580047FF61 /* UIImage Extension.swift */ = {isa = PBXFileReference; lastKnownFileType = sourcecode.swift; path = "UIImage Extension.swift"; sourceTree = "<group>"; };
		3B2F19312693763100543313 /* LaunchScreenViewController.swift */ = {isa = PBXFileReference; lastKnownFileType = sourcecode.swift; path = LaunchScreenViewController.swift; sourceTree = "<group>"; };
		3B5CBCC9268173B2005036EC /* TabBarController.swift */ = {isa = PBXFileReference; lastKnownFileType = sourcecode.swift; path = TabBarController.swift; sourceTree = "<group>"; };
		3B5CBCCB268173F3005036EC /* InitialProfileViewController.swift */ = {isa = PBXFileReference; lastKnownFileType = sourcecode.swift; path = InitialProfileViewController.swift; sourceTree = "<group>"; };
		3B5CBCCD26817424005036EC /* FriendsListTableViewController.swift */ = {isa = PBXFileReference; lastKnownFileType = sourcecode.swift; path = FriendsListTableViewController.swift; sourceTree = "<group>"; };
		3B5CBCCF268174AF005036EC /* ProgressViewController.swift */ = {isa = PBXFileReference; lastKnownFileType = sourcecode.swift; path = ProgressViewController.swift; sourceTree = "<group>"; };
		3B5CBCD1268174D9005036EC /* AddGoalViewController.swift */ = {isa = PBXFileReference; lastKnownFileType = sourcecode.swift; path = AddGoalViewController.swift; sourceTree = "<group>"; };
		3B5CBCD326817508005036EC /* EventsListTableViewController.swift */ = {isa = PBXFileReference; lastKnownFileType = sourcecode.swift; path = EventsListTableViewController.swift; sourceTree = "<group>"; };
		3B5CBCD7268186E1005036EC /* UIView Extension.swift */ = {isa = PBXFileReference; lastKnownFileType = sourcecode.swift; path = "UIView Extension.swift"; sourceTree = "<group>"; };
		3B5CBCD926819ED7005036EC /* MessagesTableViewCell.swift */ = {isa = PBXFileReference; lastKnownFileType = sourcecode.swift; path = MessagesTableViewCell.swift; sourceTree = "<group>"; };
		3B5CBCDB26819F51005036EC /* StringConstants.swift */ = {isa = PBXFileReference; lastKnownFileType = sourcecode.swift; path = StringConstants.swift; sourceTree = "<group>"; };
		3B5CBCDD2681A530005036EC /* MessagesViewController.swift */ = {isa = PBXFileReference; lastKnownFileType = sourcecode.swift; path = MessagesViewController.swift; sourceTree = "<group>"; };
		3B5CBCDF2681A86B005036EC /* UILabel Extension.swift */ = {isa = PBXFileReference; lastKnownFileType = sourcecode.swift; path = "UILabel Extension.swift"; sourceTree = "<group>"; };
		3B5CBCE12681AD6D005036EC /* UIButton Extension.swift */ = {isa = PBXFileReference; lastKnownFileType = sourcecode.swift; path = "UIButton Extension.swift"; sourceTree = "<group>"; };
		3B5CBCE4268319A6005036EC /* EventsTableViewCell.swift */ = {isa = PBXFileReference; lastKnownFileType = sourcecode.swift; path = EventsTableViewCell.swift; sourceTree = "<group>"; };
		3B5CBCEC26835DE7005036EC /* EventCreateViewController.swift */ = {isa = PBXFileReference; lastKnownFileType = sourcecode.swift; path = EventCreateViewController.swift; sourceTree = "<group>"; };
		3B5CBCEE26835DF2005036EC /* EventDetailViewController.swift */ = {isa = PBXFileReference; lastKnownFileType = sourcecode.swift; path = EventDetailViewController.swift; sourceTree = "<group>"; };
		3B5CBCF026835FF4005036EC /* UITextField Extension.swift */ = {isa = PBXFileReference; lastKnownFileType = sourcecode.swift; path = "UITextField Extension.swift"; sourceTree = "<group>"; };
		3B5CBCF2268369C1005036EC /* InviteeTableViewCell.swift */ = {isa = PBXFileReference; lastKnownFileType = sourcecode.swift; path = InviteeTableViewCell.swift; sourceTree = "<group>"; };
		3B5EFD212680EFED00F83E50 /* Colors.xcassets */ = {isa = PBXFileReference; lastKnownFileType = folder.assetcatalog; path = Colors.xcassets; sourceTree = "<group>"; };
		3B5EFD242680F95F00F83E50 /* SF-Pro-Rounded-Regular.otf */ = {isa = PBXFileReference; lastKnownFileType = file; path = "SF-Pro-Rounded-Regular.otf"; sourceTree = "<group>"; };
		3B5EFD262680F97800F83E50 /* SF-Pro-Rounded-Semibold.otf */ = {isa = PBXFileReference; lastKnownFileType = file; path = "SF-Pro-Rounded-Semibold.otf"; sourceTree = "<group>"; };
		3B5EFD282680F98200F83E50 /* SF-Pro-Rounded-Ultralight.otf */ = {isa = PBXFileReference; lastKnownFileType = file; path = "SF-Pro-Rounded-Ultralight.otf"; sourceTree = "<group>"; };
		3B5EFD2C2680FA5600F83E50 /* StyleGuide.swift */ = {isa = PBXFileReference; lastKnownFileType = sourcecode.swift; path = StyleGuide.swift; sourceTree = "<group>"; };
		3B5EFD2E26811B5800F83E50 /* HomeViewController.swift */ = {isa = PBXFileReference; lastKnownFileType = sourcecode.swift; path = HomeViewController.swift; sourceTree = "<group>"; };
		3B5EFD3026811D5F00F83E50 /* Home.storyboard */ = {isa = PBXFileReference; lastKnownFileType = file.storyboard; path = Home.storyboard; sourceTree = "<group>"; };
		3B5EFD3226811D7C00F83E50 /* Progress.storyboard */ = {isa = PBXFileReference; lastKnownFileType = file.storyboard; path = Progress.storyboard; sourceTree = "<group>"; };
		3B5EFD3426811D8600F83E50 /* AddGoal.storyboard */ = {isa = PBXFileReference; lastKnownFileType = file.storyboard; path = AddGoal.storyboard; sourceTree = "<group>"; };
		3B5EFD3626811D9400F83E50 /* Events.storyboard */ = {isa = PBXFileReference; lastKnownFileType = file.storyboard; path = Events.storyboard; sourceTree = "<group>"; };
		3B5EFD3826811D9E00F83E50 /* Messages.storyboard */ = {isa = PBXFileReference; lastKnownFileType = file.storyboard; path = Messages.storyboard; sourceTree = "<group>"; };
		3B5EFD3A26811E4E00F83E50 /* InitialProfile.storyboard */ = {isa = PBXFileReference; lastKnownFileType = file.storyboard; path = InitialProfile.storyboard; sourceTree = "<group>"; };
		3B5EFD3C26811E7000F83E50 /* Friends.storyboard */ = {isa = PBXFileReference; lastKnownFileType = file.storyboard; path = Friends.storyboard; sourceTree = "<group>"; };
		3B727F68268A357600395029 /* WeightHistoryCollectionViewCell.swift */ = {isa = PBXFileReference; lastKnownFileType = sourcecode.swift; path = WeightHistoryCollectionViewCell.swift; sourceTree = "<group>"; };
		3B727F69268A357600395029 /* WeightHistoryCollectionViewCell.xib */ = {isa = PBXFileReference; lastKnownFileType = file.xib; path = WeightHistoryCollectionViewCell.xib; sourceTree = "<group>"; };
		3B727F6C268AF93E00395029 /* ProgressDetailViewController.swift */ = {isa = PBXFileReference; lastKnownFileType = sourcecode.swift; path = ProgressDetailViewController.swift; sourceTree = "<group>"; };
		3B727F6E268B189500395029 /* HomeDataSource.swift */ = {isa = PBXFileReference; lastKnownFileType = sourcecode.swift; path = HomeDataSource.swift; sourceTree = "<group>"; };
		3B727F73268B1B3300395029 /* FriendCollectionViewCell.swift */ = {isa = PBXFileReference; lastKnownFileType = sourcecode.swift; path = FriendCollectionViewCell.swift; sourceTree = "<group>"; };
		3B727F74268B1B3300395029 /* FriendCollectionViewCell.xib */ = {isa = PBXFileReference; lastKnownFileType = file.xib; path = FriendCollectionViewCell.xib; sourceTree = "<group>"; };
		3B727F77268B1B4500395029 /* PersonalBestCollectionViewCell.swift */ = {isa = PBXFileReference; lastKnownFileType = sourcecode.swift; path = PersonalBestCollectionViewCell.swift; sourceTree = "<group>"; };
		3B727F78268B1B4500395029 /* PersonalBestCollectionViewCell.xib */ = {isa = PBXFileReference; lastKnownFileType = file.xib; path = PersonalBestCollectionViewCell.xib; sourceTree = "<group>"; };
		3B727F7B268B3FC400395029 /* ProfileViewController.swift */ = {isa = PBXFileReference; lastKnownFileType = sourcecode.swift; path = ProfileViewController.swift; sourceTree = "<group>"; };
		3B727F7D268B4CB300395029 /* ConversationViewController.swift */ = {isa = PBXFileReference; lastKnownFileType = sourcecode.swift; path = ConversationViewController.swift; sourceTree = "<group>"; };
		3B727F7F268B4ED500395029 /* FriendTableViewCell.swift */ = {isa = PBXFileReference; lastKnownFileType = sourcecode.swift; path = FriendTableViewCell.swift; sourceTree = "<group>"; };
		4E3A4F0A7BEC32E25A55B1B9 /* Pods_GymBuddy.framework */ = {isa = PBXFileReference; explicitFileType = wrapper.framework; includeInIndex = 0; path = Pods_GymBuddy.framework; sourceTree = BUILT_PRODUCTS_DIR; };
		714A742726791C3A005F46F2 /* GymBuddy.app */ = {isa = PBXFileReference; explicitFileType = wrapper.application; includeInIndex = 0; path = GymBuddy.app; sourceTree = BUILT_PRODUCTS_DIR; };
		714A742A26791C3A005F46F2 /* AppDelegate.swift */ = {isa = PBXFileReference; lastKnownFileType = sourcecode.swift; path = AppDelegate.swift; sourceTree = "<group>"; };
		714A742C26791C3A005F46F2 /* SceneDelegate.swift */ = {isa = PBXFileReference; lastKnownFileType = sourcecode.swift; path = SceneDelegate.swift; sourceTree = "<group>"; };
		714A743126791C3A005F46F2 /* Base */ = {isa = PBXFileReference; lastKnownFileType = file.storyboard; name = Base; path = Base.lproj/Main.storyboard; sourceTree = "<group>"; };
		714A743326791C3D005F46F2 /* Assets.xcassets */ = {isa = PBXFileReference; lastKnownFileType = folder.assetcatalog; path = Assets.xcassets; sourceTree = "<group>"; };
		714A743626791C3D005F46F2 /* Base */ = {isa = PBXFileReference; lastKnownFileType = file.storyboard; name = Base; path = Base.lproj/LaunchScreen.storyboard; sourceTree = "<group>"; };
		714A743826791C3D005F46F2 /* Info.plist */ = {isa = PBXFileReference; lastKnownFileType = text.plist.xml; path = Info.plist; sourceTree = "<group>"; };
		714A743E26791C4A005F46F2 /* GymBuddy.entitlements */ = {isa = PBXFileReference; lastKnownFileType = text.plist.entitlements; path = GymBuddy.entitlements; sourceTree = "<group>"; };
		714A744026791C4E005F46F2 /* CloudKit.framework */ = {isa = PBXFileReference; lastKnownFileType = wrapper.framework; name = CloudKit.framework; path = System/Library/Frameworks/CloudKit.framework; sourceTree = SDKROOT; };
		71E8A4AA268B790D00478729 /* User.swift */ = {isa = PBXFileReference; lastKnownFileType = sourcecode.swift; path = User.swift; sourceTree = "<group>"; };
		71E8A4AC268B7BFC00478729 /* FriendRequest.swift */ = {isa = PBXFileReference; lastKnownFileType = sourcecode.swift; path = FriendRequest.swift; sourceTree = "<group>"; };
		71E8A4AE268B7C0E00478729 /* Event.swift */ = {isa = PBXFileReference; lastKnownFileType = sourcecode.swift; path = Event.swift; sourceTree = "<group>"; };
		71E8A4B2268B7C8200478729 /* Workout.swift */ = {isa = PBXFileReference; lastKnownFileType = sourcecode.swift; path = Workout.swift; sourceTree = "<group>"; };
		71E8A4B4268BAEA400478729 /* UserController.swift */ = {isa = PBXFileReference; lastKnownFileType = sourcecode.swift; path = UserController.swift; sourceTree = "<group>"; };
		71E8A4B6268BAEAE00478729 /* FriendRequestController.swift */ = {isa = PBXFileReference; lastKnownFileType = sourcecode.swift; path = FriendRequestController.swift; sourceTree = "<group>"; };
		71E8A4B8268BAEC000478729 /* EventController.swift */ = {isa = PBXFileReference; lastKnownFileType = sourcecode.swift; path = EventController.swift; sourceTree = "<group>"; };
		71E8A4BA268BAECA00478729 /* WorkoutController.swift */ = {isa = PBXFileReference; lastKnownFileType = sourcecode.swift; path = WorkoutController.swift; sourceTree = "<group>"; };
		71E8A4BC268BB23500478729 /* UIDate Extension.swift */ = {isa = PBXFileReference; lastKnownFileType = sourcecode.swift; path = "UIDate Extension.swift"; sourceTree = "<group>"; };
		71E8A4BE268BB4BB00478729 /* UserError.swift */ = {isa = PBXFileReference; lastKnownFileType = sourcecode.swift; path = UserError.swift; sourceTree = "<group>"; };
		71E8A4C0268BBEAA00478729 /* EventError.swift */ = {isa = PBXFileReference; lastKnownFileType = sourcecode.swift; path = EventError.swift; sourceTree = "<group>"; };
		71E8A4C2268CCDE100478729 /* FriendError.swift */ = {isa = PBXFileReference; lastKnownFileType = sourcecode.swift; path = FriendError.swift; sourceTree = "<group>"; };
		71E8A4C4268D1C1700478729 /* WorkoutError.swift */ = {isa = PBXFileReference; lastKnownFileType = sourcecode.swift; path = WorkoutError.swift; sourceTree = "<group>"; };
		9F94FE8403AEE91FA1E68F9B /* Pods-GymBuddy.release.xcconfig */ = {isa = PBXFileReference; includeInIndex = 1; lastKnownFileType = text.xcconfig; name = "Pods-GymBuddy.release.xcconfig"; path = "Target Support Files/Pods-GymBuddy/Pods-GymBuddy.release.xcconfig"; sourceTree = "<group>"; };
		A15BC835BD15ED1FB9CB9341 /* Pods-GymBuddy.debug.xcconfig */ = {isa = PBXFileReference; includeInIndex = 1; lastKnownFileType = text.xcconfig; name = "Pods-GymBuddy.debug.xcconfig"; path = "Target Support Files/Pods-GymBuddy/Pods-GymBuddy.debug.xcconfig"; sourceTree = "<group>"; };
/* End PBXFileReference section */

/* Begin PBXFrameworksBuildPhase section */
		714A742426791C3A005F46F2 /* Frameworks */ = {
			isa = PBXFrameworksBuildPhase;
			buildActionMask = 2147483647;
			files = (
				714A744126791C4E005F46F2 /* CloudKit.framework in Frameworks */,
				6556E5A7CA48B6C32BE04AB4 /* Pods_GymBuddy.framework in Frameworks */,
			);
			runOnlyForDeploymentPostprocessing = 0;
		};
/* End PBXFrameworksBuildPhase section */

/* Begin PBXGroup section */
		3B058A952683EBB00047FF61 /* Custom Views */ = {
			isa = PBXGroup;
			children = (
				3B727F70268B1A6800395029 /* HomeCollectionView Cells */,
				3B058A972683EDB20047FF61 /* ProgressCollectionView Cells */,
				3B727F71268B1A7A00395029 /* HeaderCollectionView Cells */,
				3B058A962683ED9C0047FF61 /* TableView Cells */,
			);
			path = "Custom Views";
			sourceTree = "<group>";
		};
		3B058A962683ED9C0047FF61 /* TableView Cells */ = {
			isa = PBXGroup;
			children = (
				3B5CBCD926819ED7005036EC /* MessagesTableViewCell.swift */,
				3B5CBCE4268319A6005036EC /* EventsTableViewCell.swift */,
				3B5CBCF2268369C1005036EC /* InviteeTableViewCell.swift */,
				3B727F7F268B4ED500395029 /* FriendTableViewCell.swift */,
			);
			path = "TableView Cells";
			sourceTree = "<group>";
		};
		3B058A972683EDB20047FF61 /* ProgressCollectionView Cells */ = {
			isa = PBXGroup;
			children = (
				3B058A9B2683EE580047FF61 /* ProgressCollectionViewCell.swift */,
				3B058A9C2683EE580047FF61 /* ProgressCollectionViewCell.xib */,
				3B727F68268A357600395029 /* WeightHistoryCollectionViewCell.swift */,
				3B727F69268A357600395029 /* WeightHistoryCollectionViewCell.xib */,
				3B058AA52683FA060047FF61 /* ExerciseCollectionViewCell.swift */,
				3B058AA62683FA060047FF61 /* ExerciseCollectionViewCell.xib */,
			);
			path = "ProgressCollectionView Cells";
			sourceTree = "<group>";
		};
		3B058A982683EDEC0047FF61 /* Extensions */ = {
			isa = PBXGroup;
			children = (
				3B5CBCD7268186E1005036EC /* UIView Extension.swift */,
				3B5CBCDF2681A86B005036EC /* UILabel Extension.swift */,
				3B5CBCE12681AD6D005036EC /* UIButton Extension.swift */,
				3B5CBCF026835FF4005036EC /* UITextField Extension.swift */,
				3B058AA92684F9580047FF61 /* UIImage Extension.swift */,
				71E8A4BC268BB23500478729 /* UIDate Extension.swift */,
			);
			path = Extensions;
			sourceTree = "<group>";
		};
		3B5CBCC42681730D005036EC /* Home */ = {
			isa = PBXGroup;
			children = (
				3B5EFD2E26811B5800F83E50 /* HomeViewController.swift */,
				3B727F6E268B189500395029 /* HomeDataSource.swift */,
				3B727F7B268B3FC400395029 /* ProfileViewController.swift */,
			);
			path = Home;
			sourceTree = "<group>";
		};
		3B5CBCC526817315005036EC /* Progress */ = {
			isa = PBXGroup;
			children = (
				3B5CBCCF268174AF005036EC /* ProgressViewController.swift */,
				3B058AA32683EFA40047FF61 /* ProgressDataSource.swift */,
				3B727F6C268AF93E00395029 /* ProgressDetailViewController.swift */,
			);
			path = Progress;
			sourceTree = "<group>";
		};
		3B5CBCC62681732F005036EC /* AddGoal */ = {
			isa = PBXGroup;
			children = (
				3B5CBCD1268174D9005036EC /* AddGoalViewController.swift */,
			);
			path = AddGoal;
			sourceTree = "<group>";
		};
		3B5CBCC726817334005036EC /* Events */ = {
			isa = PBXGroup;
			children = (
				3B5CBCD326817508005036EC /* EventsListTableViewController.swift */,
				3B5CBCEC26835DE7005036EC /* EventCreateViewController.swift */,
				3B5CBCEE26835DF2005036EC /* EventDetailViewController.swift */,
			);
			path = Events;
			sourceTree = "<group>";
		};
		3B5CBCC826817337005036EC /* Messages */ = {
			isa = PBXGroup;
			children = (
				3B5CBCDD2681A530005036EC /* MessagesViewController.swift */,
				3B727F7D268B4CB300395029 /* ConversationViewController.swift */,
			);
			path = Messages;
			sourceTree = "<group>";
		};
		3B5EFD232680F8D500F83E50 /* Fonts */ = {
			isa = PBXGroup;
			children = (
				3B5EFD242680F95F00F83E50 /* SF-Pro-Rounded-Regular.otf */,
				3B5EFD262680F97800F83E50 /* SF-Pro-Rounded-Semibold.otf */,
				3B5EFD282680F98200F83E50 /* SF-Pro-Rounded-Ultralight.otf */,
			);
			path = Fonts;
			sourceTree = "<group>";
		};
		3B5EFD2A2680FA1200F83E50 /* Helper and Extension */ = {
			isa = PBXGroup;
			children = (
				3B5CBCDB26819F51005036EC /* StringConstants.swift */,
				3B058A992683EE0B0047FF61 /* CellRegisterable.swift */,
				3B058A982683EDEC0047FF61 /* Extensions */,
				3B5EFD2B2680FA1E00F83E50 /* StyleGuide */,
			);
			path = "Helper and Extension";
			sourceTree = "<group>";
		};
		3B5EFD2B2680FA1E00F83E50 /* StyleGuide */ = {
			isa = PBXGroup;
			children = (
				3B5EFD2C2680FA5600F83E50 /* StyleGuide.swift */,
			);
			path = StyleGuide;
			sourceTree = "<group>";
		};
		3B727F70268B1A6800395029 /* HomeCollectionView Cells */ = {
			isa = PBXGroup;
			children = (
				3B727F73268B1B3300395029 /* FriendCollectionViewCell.swift */,
				3B727F74268B1B3300395029 /* FriendCollectionViewCell.xib */,
				3B727F77268B1B4500395029 /* PersonalBestCollectionViewCell.swift */,
				3B727F78268B1B4500395029 /* PersonalBestCollectionViewCell.xib */,
			);
			path = "HomeCollectionView Cells";
			sourceTree = "<group>";
		};
		3B727F71268B1A7A00395029 /* HeaderCollectionView Cells */ = {
			isa = PBXGroup;
			children = (
				3B058A9F2683EF470047FF61 /* HeaderCollectionReusableView.swift */,
				3B058AA02683EF470047FF61 /* HeaderCollectionReusableView.xib */,
			);
			path = "HeaderCollectionView Cells";
			sourceTree = "<group>";
		};
		714A741E26791C3A005F46F2 = {
			isa = PBXGroup;
			children = (
				714A742926791C3A005F46F2 /* GymBuddy */,
				714A742826791C3A005F46F2 /* Products */,
				714A743F26791C4E005F46F2 /* Frameworks */,
				7212656E800614BA00CA8381 /* Pods */,
			);
			sourceTree = "<group>";
		};
		714A742826791C3A005F46F2 /* Products */ = {
			isa = PBXGroup;
			children = (
				714A742726791C3A005F46F2 /* GymBuddy.app */,
			);
			name = Products;
			sourceTree = "<group>";
		};
		714A742926791C3A005F46F2 /* GymBuddy */ = {
			isa = PBXGroup;
			children = (
				714A743E26791C4A005F46F2 /* GymBuddy.entitlements */,
				714A744226791CA1005F46F2 /* Model */,
				714A744326791CA4005F46F2 /* Controllers */,
				714A744426791CAD005F46F2 /* Views */,
				3B5EFD2A2680FA1200F83E50 /* Helper and Extension */,
				714A744926791CD5005F46F2 /* Resources */,
			);
			path = GymBuddy;
			sourceTree = "<group>";
		};
		714A743F26791C4E005F46F2 /* Frameworks */ = {
			isa = PBXGroup;
			children = (
				714A744026791C4E005F46F2 /* CloudKit.framework */,
				4E3A4F0A7BEC32E25A55B1B9 /* Pods_GymBuddy.framework */,
			);
			name = Frameworks;
			sourceTree = "<group>";
		};
		714A744226791CA1005F46F2 /* Model */ = {
			isa = PBXGroup;
			children = (
				71E8A4AA268B790D00478729 /* User.swift */,
				71E8A4AC268B7BFC00478729 /* FriendRequest.swift */,
				71E8A4AE268B7C0E00478729 /* Event.swift */,
				71E8A4B2268B7C8200478729 /* Workout.swift */,
				71E8A4BE268BB4BB00478729 /* UserError.swift */,
				71E8A4C0268BBEAA00478729 /* EventError.swift */,
				71E8A4C2268CCDE100478729 /* FriendError.swift */,
				71E8A4C4268D1C1700478729 /* WorkoutError.swift */,
			);
			path = Model;
			sourceTree = "<group>";
		};
		714A744326791CA4005F46F2 /* Controllers */ = {
			isa = PBXGroup;
			children = (
				714A744526791CB6005F46F2 /* Model Controllers */,
				714A744626791CBD005F46F2 /* View Controllers */,
			);
			path = Controllers;
			sourceTree = "<group>";
		};
		714A744426791CAD005F46F2 /* Views */ = {
			isa = PBXGroup;
			children = (
				3B058A952683EBB00047FF61 /* Custom Views */,
				714A744726791CC5005F46F2 /* Storyboards */,
			);
			path = Views;
			sourceTree = "<group>";
		};
		714A744526791CB6005F46F2 /* Model Controllers */ = {
			isa = PBXGroup;
			children = (
				71E8A4B4268BAEA400478729 /* UserController.swift */,
				71E8A4B6268BAEAE00478729 /* FriendRequestController.swift */,
				71E8A4B8268BAEC000478729 /* EventController.swift */,
				71E8A4BA268BAECA00478729 /* WorkoutController.swift */,
			);
			path = "Model Controllers";
			sourceTree = "<group>";
		};
		714A744626791CBD005F46F2 /* View Controllers */ = {
			isa = PBXGroup;
			children = (
				3B2F19312693763100543313 /* LaunchScreenViewController.swift */,
				3B5CBCC9268173B2005036EC /* TabBarController.swift */,
				3B5CBCCB268173F3005036EC /* InitialProfileViewController.swift */,
				3B5CBCCD26817424005036EC /* FriendsListTableViewController.swift */,
				3B5CBCC42681730D005036EC /* Home */,
				3B5CBCC526817315005036EC /* Progress */,
				3B5CBCC62681732F005036EC /* AddGoal */,
				3B5CBCC726817334005036EC /* Events */,
				3B5CBCC826817337005036EC /* Messages */,
			);
			path = "View Controllers";
			sourceTree = "<group>";
		};
		714A744726791CC5005F46F2 /* Storyboards */ = {
			isa = PBXGroup;
			children = (
				714A743026791C3A005F46F2 /* Main.storyboard */,
				3B5EFD3026811D5F00F83E50 /* Home.storyboard */,
				3B5EFD3226811D7C00F83E50 /* Progress.storyboard */,
				3B5EFD3426811D8600F83E50 /* AddGoal.storyboard */,
				3B5EFD3626811D9400F83E50 /* Events.storyboard */,
				3B5EFD3826811D9E00F83E50 /* Messages.storyboard */,
				3B5EFD3A26811E4E00F83E50 /* InitialProfile.storyboard */,
				3B5EFD3C26811E7000F83E50 /* Friends.storyboard */,
				714A743526791C3D005F46F2 /* LaunchScreen.storyboard */,
			);
			path = Storyboards;
			sourceTree = "<group>";
		};
		714A744926791CD5005F46F2 /* Resources */ = {
			isa = PBXGroup;
			children = (
				3B5EFD232680F8D500F83E50 /* Fonts */,
				714A742A26791C3A005F46F2 /* AppDelegate.swift */,
				714A742C26791C3A005F46F2 /* SceneDelegate.swift */,
				3B5EFD212680EFED00F83E50 /* Colors.xcassets */,
				714A743326791C3D005F46F2 /* Assets.xcassets */,
				714A743826791C3D005F46F2 /* Info.plist */,
			);
			path = Resources;
			sourceTree = "<group>";
		};
		7212656E800614BA00CA8381 /* Pods */ = {
			isa = PBXGroup;
			children = (
				A15BC835BD15ED1FB9CB9341 /* Pods-GymBuddy.debug.xcconfig */,
				9F94FE8403AEE91FA1E68F9B /* Pods-GymBuddy.release.xcconfig */,
			);
			path = Pods;
			sourceTree = "<group>";
		};
/* End PBXGroup section */

/* Begin PBXNativeTarget section */
		714A742626791C3A005F46F2 /* GymBuddy */ = {
			isa = PBXNativeTarget;
			buildConfigurationList = 714A743B26791C3D005F46F2 /* Build configuration list for PBXNativeTarget "GymBuddy" */;
			buildPhases = (
				7765FA99C06B5DF482A2EFBB /* [CP] Check Pods Manifest.lock */,
				714A742326791C3A005F46F2 /* Sources */,
				714A742426791C3A005F46F2 /* Frameworks */,
				714A742526791C3A005F46F2 /* Resources */,
				7A1D4DDC5F50207E2B96F75D /* [CP] Embed Pods Frameworks */,
			);
			buildRules = (
			);
			dependencies = (
			);
			name = GymBuddy;
			productName = GymBuddy;
			productReference = 714A742726791C3A005F46F2 /* GymBuddy.app */;
			productType = "com.apple.product-type.application";
		};
/* End PBXNativeTarget section */

/* Begin PBXProject section */
		714A741F26791C3A005F46F2 /* Project object */ = {
			isa = PBXProject;
			attributes = {
				LastSwiftUpdateCheck = 1250;
				LastUpgradeCheck = 1250;
				TargetAttributes = {
					714A742626791C3A005F46F2 = {
						CreatedOnToolsVersion = 12.5;
					};
				};
			};
			buildConfigurationList = 714A742226791C3A005F46F2 /* Build configuration list for PBXProject "GymBuddy" */;
			compatibilityVersion = "Xcode 9.3";
			developmentRegion = en;
			hasScannedForEncodings = 0;
			knownRegions = (
				en,
				Base,
			);
			mainGroup = 714A741E26791C3A005F46F2;
			productRefGroup = 714A742826791C3A005F46F2 /* Products */;
			projectDirPath = "";
			projectRoot = "";
			targets = (
				714A742626791C3A005F46F2 /* GymBuddy */,
			);
		};
/* End PBXProject section */

/* Begin PBXResourcesBuildPhase section */
		714A742526791C3A005F46F2 /* Resources */ = {
			isa = PBXResourcesBuildPhase;
			buildActionMask = 2147483647;
			files = (
				714A743726791C3D005F46F2 /* LaunchScreen.storyboard in Resources */,
				3B5EFD272680F97800F83E50 /* SF-Pro-Rounded-Semibold.otf in Resources */,
				3B058A9E2683EE580047FF61 /* ProgressCollectionViewCell.xib in Resources */,
				3B5EFD252680F95F00F83E50 /* SF-Pro-Rounded-Regular.otf in Resources */,
				3B727F7A268B1B4500395029 /* PersonalBestCollectionViewCell.xib in Resources */,
				3B5EFD222680EFED00F83E50 /* Colors.xcassets in Resources */,
				3B5EFD3726811D9400F83E50 /* Events.storyboard in Resources */,
				714A743426791C3D005F46F2 /* Assets.xcassets in Resources */,
				3B5EFD3B26811E4E00F83E50 /* InitialProfile.storyboard in Resources */,
				3B058AA22683EF470047FF61 /* HeaderCollectionReusableView.xib in Resources */,
				3B727F6B268A357600395029 /* WeightHistoryCollectionViewCell.xib in Resources */,
				3B727F76268B1B3300395029 /* FriendCollectionViewCell.xib in Resources */,
				3B5EFD3926811D9E00F83E50 /* Messages.storyboard in Resources */,
				3B5EFD3D26811E7000F83E50 /* Friends.storyboard in Resources */,
				3B5EFD3526811D8600F83E50 /* AddGoal.storyboard in Resources */,
				3B5EFD292680F98200F83E50 /* SF-Pro-Rounded-Ultralight.otf in Resources */,
				3B5EFD3326811D7C00F83E50 /* Progress.storyboard in Resources */,
				714A743226791C3A005F46F2 /* Main.storyboard in Resources */,
				3B058AA82683FA060047FF61 /* ExerciseCollectionViewCell.xib in Resources */,
				3B5EFD3126811D5F00F83E50 /* Home.storyboard in Resources */,
			);
			runOnlyForDeploymentPostprocessing = 0;
		};
/* End PBXResourcesBuildPhase section */

/* Begin PBXShellScriptBuildPhase section */
		7765FA99C06B5DF482A2EFBB /* [CP] Check Pods Manifest.lock */ = {
			isa = PBXShellScriptBuildPhase;
			buildActionMask = 2147483647;
			files = (
			);
			inputFileListPaths = (
			);
			inputPaths = (
				"${PODS_PODFILE_DIR_PATH}/Podfile.lock",
				"${PODS_ROOT}/Manifest.lock",
			);
			name = "[CP] Check Pods Manifest.lock";
			outputFileListPaths = (
			);
			outputPaths = (
				"$(DERIVED_FILE_DIR)/Pods-GymBuddy-checkManifestLockResult.txt",
			);
			runOnlyForDeploymentPostprocessing = 0;
			shellPath = /bin/sh;
			shellScript = "diff \"${PODS_PODFILE_DIR_PATH}/Podfile.lock\" \"${PODS_ROOT}/Manifest.lock\" > /dev/null\nif [ $? != 0 ] ; then\n    # print error to STDERR\n    echo \"error: The sandbox is not in sync with the Podfile.lock. Run 'pod install' or update your CocoaPods installation.\" >&2\n    exit 1\nfi\n# This output is used by Xcode 'outputs' to avoid re-running this script phase.\necho \"SUCCESS\" > \"${SCRIPT_OUTPUT_FILE_0}\"\n";
			showEnvVarsInLog = 0;
		};
		7A1D4DDC5F50207E2B96F75D /* [CP] Embed Pods Frameworks */ = {
			isa = PBXShellScriptBuildPhase;
			buildActionMask = 2147483647;
			files = (
			);
			inputFileListPaths = (
				"${PODS_ROOT}/Target Support Files/Pods-GymBuddy/Pods-GymBuddy-frameworks-${CONFIGURATION}-input-files.xcfilelist",
			);
			name = "[CP] Embed Pods Frameworks";
			outputFileListPaths = (
				"${PODS_ROOT}/Target Support Files/Pods-GymBuddy/Pods-GymBuddy-frameworks-${CONFIGURATION}-output-files.xcfilelist",
			);
			runOnlyForDeploymentPostprocessing = 0;
			shellPath = /bin/sh;
			shellScript = "\"${PODS_ROOT}/Target Support Files/Pods-GymBuddy/Pods-GymBuddy-frameworks.sh\"\n";
			showEnvVarsInLog = 0;
		};
/* End PBXShellScriptBuildPhase section */

/* Begin PBXSourcesBuildPhase section */
		714A742326791C3A005F46F2 /* Sources */ = {
			isa = PBXSourcesBuildPhase;
			buildActionMask = 2147483647;
			files = (
				3B5CBCCA268173B2005036EC /* TabBarController.swift in Sources */,
				3B5CBCD426817508005036EC /* EventsListTableViewController.swift in Sources */,
				71E8A4B3268B7C8200478729 /* Workout.swift in Sources */,
				3B727F7E268B4CB300395029 /* ConversationViewController.swift in Sources */,
				71E8A4B7268BAEAE00478729 /* FriendRequestController.swift in Sources */,
				3B5EFD2D2680FA5600F83E50 /* StyleGuide.swift in Sources */,
				3B727F6F268B189500395029 /* HomeDataSource.swift in Sources */,
				3B5CBCED26835DE7005036EC /* EventCreateViewController.swift in Sources */,
				3B5CBCDE2681A530005036EC /* MessagesViewController.swift in Sources */,
				3B058A9D2683EE580047FF61 /* ProgressCollectionViewCell.swift in Sources */,
				3B727F79268B1B4500395029 /* PersonalBestCollectionViewCell.swift in Sources */,
				3B5CBCDC26819F51005036EC /* StringConstants.swift in Sources */,
				3B5CBCE22681AD6D005036EC /* UIButton Extension.swift in Sources */,
				3B5CBCD0268174AF005036EC /* ProgressViewController.swift in Sources */,
				3B5CBCF3268369C1005036EC /* InviteeTableViewCell.swift in Sources */,
				3B5CBCD8268186E2005036EC /* UIView Extension.swift in Sources */,
				3B727F6D268AF93E00395029 /* ProgressDetailViewController.swift in Sources */,
				3B5CBCE02681A86B005036EC /* UILabel Extension.swift in Sources */,
				71E8A4BB268BAECA00478729 /* WorkoutController.swift in Sources */,
				71E8A4B5268BAEA400478729 /* UserController.swift in Sources */,
				3B5CBCDA26819ED7005036EC /* MessagesTableViewCell.swift in Sources */,
				71E8A4AB268B790D00478729 /* User.swift in Sources */,
				71E8A4C3268CCDE100478729 /* FriendError.swift in Sources */,
				3B727F80268B4ED500395029 /* FriendTableViewCell.swift in Sources */,
				71E8A4BF268BB4BB00478729 /* UserError.swift in Sources */,
				3B058AA42683EFA40047FF61 /* ProgressDataSource.swift in Sources */,
				3B727F6A268A357600395029 /* WeightHistoryCollectionViewCell.swift in Sources */,
				3B5CBCF126835FF4005036EC /* UITextField Extension.swift in Sources */,
				3B058AA72683FA060047FF61 /* ExerciseCollectionViewCell.swift in Sources */,
				71E8A4AF268B7C0E00478729 /* Event.swift in Sources */,
				71E8A4AD268B7BFC00478729 /* FriendRequest.swift in Sources */,
				3B5CBCEF26835DF2005036EC /* EventDetailViewController.swift in Sources */,
				3B5CBCCC268173F3005036EC /* InitialProfileViewController.swift in Sources */,
				3B058AA12683EF470047FF61 /* HeaderCollectionReusableView.swift in Sources */,
				3B2F19322693763100543313 /* LaunchScreenViewController.swift in Sources */,
				71E8A4C5268D1C1700478729 /* WorkoutError.swift in Sources */,
				3B727F75268B1B3300395029 /* FriendCollectionViewCell.swift in Sources */,
				71E8A4B9268BAEC000478729 /* EventController.swift in Sources */,
				71E8A4BD268BB23500478729 /* UIDate Extension.swift in Sources */,
				3B5CBCE5268319A7005036EC /* EventsTableViewCell.swift in Sources */,
				3B058A9A2683EE0B0047FF61 /* CellRegisterable.swift in Sources */,
				3B058AAA2684F9580047FF61 /* UIImage Extension.swift in Sources */,
				71E8A4C1268BBEAA00478729 /* EventError.swift in Sources */,
				714A742B26791C3A005F46F2 /* AppDelegate.swift in Sources */,
				3B5CBCCE26817424005036EC /* FriendsListTableViewController.swift in Sources */,
				3B5CBCD2268174D9005036EC /* AddGoalViewController.swift in Sources */,
				3B727F7C268B3FC400395029 /* ProfileViewController.swift in Sources */,
				3B5EFD2F26811B5800F83E50 /* HomeViewController.swift in Sources */,
				714A742D26791C3A005F46F2 /* SceneDelegate.swift in Sources */,
			);
			runOnlyForDeploymentPostprocessing = 0;
		};
/* End PBXSourcesBuildPhase section */

/* Begin PBXVariantGroup section */
		714A743026791C3A005F46F2 /* Main.storyboard */ = {
			isa = PBXVariantGroup;
			children = (
				714A743126791C3A005F46F2 /* Base */,
			);
			name = Main.storyboard;
			sourceTree = "<group>";
		};
		714A743526791C3D005F46F2 /* LaunchScreen.storyboard */ = {
			isa = PBXVariantGroup;
			children = (
				714A743626791C3D005F46F2 /* Base */,
			);
			name = LaunchScreen.storyboard;
			sourceTree = "<group>";
		};
/* End PBXVariantGroup section */

/* Begin XCBuildConfiguration section */
		714A743926791C3D005F46F2 /* Debug */ = {
			isa = XCBuildConfiguration;
			buildSettings = {
				ALWAYS_SEARCH_USER_PATHS = NO;
				CLANG_ANALYZER_NONNULL = YES;
				CLANG_ANALYZER_NUMBER_OBJECT_CONVERSION = YES_AGGRESSIVE;
				CLANG_CXX_LANGUAGE_STANDARD = "gnu++14";
				CLANG_CXX_LIBRARY = "libc++";
				CLANG_ENABLE_MODULES = YES;
				CLANG_ENABLE_OBJC_ARC = YES;
				CLANG_ENABLE_OBJC_WEAK = YES;
				CLANG_WARN_BLOCK_CAPTURE_AUTORELEASING = YES;
				CLANG_WARN_BOOL_CONVERSION = YES;
				CLANG_WARN_COMMA = YES;
				CLANG_WARN_CONSTANT_CONVERSION = YES;
				CLANG_WARN_DEPRECATED_OBJC_IMPLEMENTATIONS = YES;
				CLANG_WARN_DIRECT_OBJC_ISA_USAGE = YES_ERROR;
				CLANG_WARN_DOCUMENTATION_COMMENTS = YES;
				CLANG_WARN_EMPTY_BODY = YES;
				CLANG_WARN_ENUM_CONVERSION = YES;
				CLANG_WARN_INFINITE_RECURSION = YES;
				CLANG_WARN_INT_CONVERSION = YES;
				CLANG_WARN_NON_LITERAL_NULL_CONVERSION = YES;
				CLANG_WARN_OBJC_IMPLICIT_RETAIN_SELF = YES;
				CLANG_WARN_OBJC_LITERAL_CONVERSION = YES;
				CLANG_WARN_OBJC_ROOT_CLASS = YES_ERROR;
				CLANG_WARN_QUOTED_INCLUDE_IN_FRAMEWORK_HEADER = YES;
				CLANG_WARN_RANGE_LOOP_ANALYSIS = YES;
				CLANG_WARN_STRICT_PROTOTYPES = YES;
				CLANG_WARN_SUSPICIOUS_MOVE = YES;
				CLANG_WARN_UNGUARDED_AVAILABILITY = YES_AGGRESSIVE;
				CLANG_WARN_UNREACHABLE_CODE = YES;
				CLANG_WARN__DUPLICATE_METHOD_MATCH = YES;
				COPY_PHASE_STRIP = NO;
				DEBUG_INFORMATION_FORMAT = dwarf;
				ENABLE_STRICT_OBJC_MSGSEND = YES;
				ENABLE_TESTABILITY = YES;
				GCC_C_LANGUAGE_STANDARD = gnu11;
				GCC_DYNAMIC_NO_PIC = NO;
				GCC_NO_COMMON_BLOCKS = YES;
				GCC_OPTIMIZATION_LEVEL = 0;
				GCC_PREPROCESSOR_DEFINITIONS = (
					"DEBUG=1",
					"$(inherited)",
				);
				GCC_WARN_64_TO_32_BIT_CONVERSION = YES;
				GCC_WARN_ABOUT_RETURN_TYPE = YES_ERROR;
				GCC_WARN_UNDECLARED_SELECTOR = YES;
				GCC_WARN_UNINITIALIZED_AUTOS = YES_AGGRESSIVE;
				GCC_WARN_UNUSED_FUNCTION = YES;
				GCC_WARN_UNUSED_VARIABLE = YES;
				IPHONEOS_DEPLOYMENT_TARGET = 14.5;
				MTL_ENABLE_DEBUG_INFO = INCLUDE_SOURCE;
				MTL_FAST_MATH = YES;
				ONLY_ACTIVE_ARCH = YES;
				SDKROOT = iphoneos;
				SWIFT_ACTIVE_COMPILATION_CONDITIONS = DEBUG;
				SWIFT_OPTIMIZATION_LEVEL = "-Onone";
			};
			name = Debug;
		};
		714A743A26791C3D005F46F2 /* Release */ = {
			isa = XCBuildConfiguration;
			buildSettings = {
				ALWAYS_SEARCH_USER_PATHS = NO;
				CLANG_ANALYZER_NONNULL = YES;
				CLANG_ANALYZER_NUMBER_OBJECT_CONVERSION = YES_AGGRESSIVE;
				CLANG_CXX_LANGUAGE_STANDARD = "gnu++14";
				CLANG_CXX_LIBRARY = "libc++";
				CLANG_ENABLE_MODULES = YES;
				CLANG_ENABLE_OBJC_ARC = YES;
				CLANG_ENABLE_OBJC_WEAK = YES;
				CLANG_WARN_BLOCK_CAPTURE_AUTORELEASING = YES;
				CLANG_WARN_BOOL_CONVERSION = YES;
				CLANG_WARN_COMMA = YES;
				CLANG_WARN_CONSTANT_CONVERSION = YES;
				CLANG_WARN_DEPRECATED_OBJC_IMPLEMENTATIONS = YES;
				CLANG_WARN_DIRECT_OBJC_ISA_USAGE = YES_ERROR;
				CLANG_WARN_DOCUMENTATION_COMMENTS = YES;
				CLANG_WARN_EMPTY_BODY = YES;
				CLANG_WARN_ENUM_CONVERSION = YES;
				CLANG_WARN_INFINITE_RECURSION = YES;
				CLANG_WARN_INT_CONVERSION = YES;
				CLANG_WARN_NON_LITERAL_NULL_CONVERSION = YES;
				CLANG_WARN_OBJC_IMPLICIT_RETAIN_SELF = YES;
				CLANG_WARN_OBJC_LITERAL_CONVERSION = YES;
				CLANG_WARN_OBJC_ROOT_CLASS = YES_ERROR;
				CLANG_WARN_QUOTED_INCLUDE_IN_FRAMEWORK_HEADER = YES;
				CLANG_WARN_RANGE_LOOP_ANALYSIS = YES;
				CLANG_WARN_STRICT_PROTOTYPES = YES;
				CLANG_WARN_SUSPICIOUS_MOVE = YES;
				CLANG_WARN_UNGUARDED_AVAILABILITY = YES_AGGRESSIVE;
				CLANG_WARN_UNREACHABLE_CODE = YES;
				CLANG_WARN__DUPLICATE_METHOD_MATCH = YES;
				COPY_PHASE_STRIP = NO;
				DEBUG_INFORMATION_FORMAT = "dwarf-with-dsym";
				ENABLE_NS_ASSERTIONS = NO;
				ENABLE_STRICT_OBJC_MSGSEND = YES;
				GCC_C_LANGUAGE_STANDARD = gnu11;
				GCC_NO_COMMON_BLOCKS = YES;
				GCC_WARN_64_TO_32_BIT_CONVERSION = YES;
				GCC_WARN_ABOUT_RETURN_TYPE = YES_ERROR;
				GCC_WARN_UNDECLARED_SELECTOR = YES;
				GCC_WARN_UNINITIALIZED_AUTOS = YES_AGGRESSIVE;
				GCC_WARN_UNUSED_FUNCTION = YES;
				GCC_WARN_UNUSED_VARIABLE = YES;
				IPHONEOS_DEPLOYMENT_TARGET = 14.5;
				MTL_ENABLE_DEBUG_INFO = NO;
				MTL_FAST_MATH = YES;
				SDKROOT = iphoneos;
				SWIFT_COMPILATION_MODE = wholemodule;
				SWIFT_OPTIMIZATION_LEVEL = "-O";
				VALIDATE_PRODUCT = YES;
			};
			name = Release;
		};
		714A743C26791C3D005F46F2 /* Debug */ = {
			isa = XCBuildConfiguration;
			baseConfigurationReference = A15BC835BD15ED1FB9CB9341 /* Pods-GymBuddy.debug.xcconfig */;
			buildSettings = {
				ASSETCATALOG_COMPILER_APPICON_NAME = AppIcon;
				ASSETCATALOG_COMPILER_GLOBAL_ACCENT_COLOR_NAME = AccentColor;
				CODE_SIGN_ENTITLEMENTS = GymBuddy/GymBuddy.entitlements;
				CODE_SIGN_STYLE = Automatic;
				DEVELOPMENT_TEAM = QEN666WPC7;
				INFOPLIST_FILE = GymBuddy/Resources/Info.plist;
				LD_RUNPATH_SEARCH_PATHS = (
					"$(inherited)",
					"@executable_path/Frameworks",
				);
				PRODUCT_BUNDLE_IDENTIFIER = com.ConnorHammond.GymBuddy;
				PRODUCT_NAME = "$(TARGET_NAME)";
				SWIFT_VERSION = 5.0;
				TARGETED_DEVICE_FAMILY = "1,2";
			};
			name = Debug;
		};
		714A743D26791C3D005F46F2 /* Release */ = {
			isa = XCBuildConfiguration;
			baseConfigurationReference = 9F94FE8403AEE91FA1E68F9B /* Pods-GymBuddy.release.xcconfig */;
			buildSettings = {
				ASSETCATALOG_COMPILER_APPICON_NAME = AppIcon;
				ASSETCATALOG_COMPILER_GLOBAL_ACCENT_COLOR_NAME = AccentColor;
				CODE_SIGN_ENTITLEMENTS = GymBuddy/GymBuddy.entitlements;
				CODE_SIGN_STYLE = Automatic;
				DEVELOPMENT_TEAM = QEN666WPC7;
				INFOPLIST_FILE = GymBuddy/Resources/Info.plist;
				LD_RUNPATH_SEARCH_PATHS = (
					"$(inherited)",
					"@executable_path/Frameworks",
				);
				PRODUCT_BUNDLE_IDENTIFIER = com.ConnorHammond.GymBuddy;
				PRODUCT_NAME = "$(TARGET_NAME)";
				SWIFT_VERSION = 5.0;
				TARGETED_DEVICE_FAMILY = "1,2";
			};
			name = Release;
		};
/* End XCBuildConfiguration section */

/* Begin XCConfigurationList section */
		714A742226791C3A005F46F2 /* Build configuration list for PBXProject "GymBuddy" */ = {
			isa = XCConfigurationList;
			buildConfigurations = (
				714A743926791C3D005F46F2 /* Debug */,
				714A743A26791C3D005F46F2 /* Release */,
			);
			defaultConfigurationIsVisible = 0;
			defaultConfigurationName = Release;
		};
		714A743B26791C3D005F46F2 /* Build configuration list for PBXNativeTarget "GymBuddy" */ = {
			isa = XCConfigurationList;
			buildConfigurations = (
				714A743C26791C3D005F46F2 /* Debug */,
				714A743D26791C3D005F46F2 /* Release */,
			);
			defaultConfigurationIsVisible = 0;
			defaultConfigurationName = Release;
		};
/* End XCConfigurationList section */
	};
	rootObject = 714A741F26791C3A005F46F2 /* Project object */;
}
